
Microsoft Visual Studio Solution File, Format Version 12.00
# Visual Studio 15
VisualStudioVersion = 15.0.28307.1145
MinimumVisualStudioVersion = 10.0.40219.1
Project("{F184B08F-C81C-45F6-A57F-5ABD9991F28F}") = "Servidor", "Servidor\Servidor.vbproj", "{1FA82F7B-F561-4A00-BAF4-46249E6B181C}"
EndProject
Project("{F184B08F-C81C-45F6-A57F-5ABD9991F28F}") = "Cliente", "Cliente\Cliente.vbproj", "{D3DE92C3-25F9-40D0-B54D-227940098973}"
EndProject
Global
	GlobalSection(SolutionConfigurationPlatforms) = preSolution
		Debug|Any CPU = Debug|Any CPU
		Release|Any CPU = Release|Any CPU
	EndGlobalSection
	GlobalSection(ProjectConfigurationPlatforms) = postSolution
		{1FA82F7B-F561-4A00-BAF4-46249E6B181C}.Debug|Any CPU.ActiveCfg = Debug|Any CPU
		{1FA82F7B-F561-4A00-BAF4-46249E6B181C}.Debug|Any CPU.Build.0 = Debug|Any CPU
		{1FA82F7B-F561-4A00-BAF4-46249E6B181C}.Release|Any CPU.ActiveCfg = Release|Any CPU
		{1FA82F7B-F561-4A00-BAF4-46249E6B181C}.Release|Any CPU.Build.0 = Release|Any CPU
		{D3DE92C3-25F9-40D0-B54D-227940098973}.Debug|Any CPU.ActiveCfg = Debug|Any CPU
		{D3DE92C3-25F9-40D0-B54D-227940098973}.Debug|Any CPU.Build.0 = Debug|Any CPU
		{D3DE92C3-25F9-40D0-B54D-227940098973}.Release|Any CPU.ActiveCfg = Release|Any CPU
		{D3DE92C3-25F9-40D0-B54D-227940098973}.Release|Any CPU.Build.0 = Release|Any CPU
	EndGlobalSection
	GlobalSection(SolutionProperties) = preSolution
		HideSolutionNode = FALSE
	EndGlobalSection
	GlobalSection(ExtensibilityGlobals) = postSolution
		SolutionGuid = {BABAE2CA-923F-467F-8C09-13CB28B79F13}
	EndGlobalSection
EndGlobal
